# This file is automatically @generated by Cargo.
# It is not intended for manual editing.
version = 4

[[package]]
name = "helix-core"
version = "0.0.1"

[[package]]
name = "helix-daemon"
version = "0.0.1"
dependencies = [
 "helix-core",
 "helix-dsp",
 "helix-hvc",
 "helix-xlx",
]

[[package]]
name = "helix-dsp"
version = "0.0.1"
dependencies = [
 "helix-core",
]

[[package]]
name = "helix-hvc"
version = "0.0.1"
dependencies = [
 "helix-core",
]

[[package]]
name = "helix-lab"
version = "0.0.1"
dependencies = [
 "helix-core",
 "helix-dsp",
 "helix-hvc",
]

[[package]]
name = "helix-xlx"
version = "0.0.1"
dependencies = [
 "helix-core",
]
